
Microsoft Visual Studio Solution File, Format Version 12.00
# Visual Studio Version 16
VisualStudioVersion = 16.0.30611.23
MinimumVisualStudioVersion = 10.0.40219.1
Project("{FAE04EC0-301F-11D3-BF4B-00C04F79EFBC}") = "Pose.Runtime.MonoGame.TestGame", "Pose.Runtime.MonoGame.TestGame\Pose.Runtime.MonoGame.TestGame.csproj", "{6B3FEB9E-4D12-40D4-9859-8827A190E542}"
EndProject
Project("{9A19103F-16F7-4668-BE54-9A1E7A4F7556}") = "Pose.Persistence", "..\..\Pose\Pose.Persistence\Pose.Persistence.csproj", "{B38B1547-85F6-4028-8D85-A971802F7CD2}"
EndProject
Project("{FAE04EC0-301F-11D3-BF4B-00C04F79EFBC}") = "Pose.Runtime.MonoGameDotNetCore", "Pose.Runtime.MonoGameDotNetCore\Pose.Runtime.MonoGameDotNetCore.csproj", "{D1975C62-367B-4009-8CD0-BC4E608896BD}"
EndProject
Global
	GlobalSection(SolutionConfigurationPlatforms) = preSolution
		Debug|Any CPU = Debug|Any CPU
		Release|Any CPU = Release|Any CPU
	EndGlobalSection
	GlobalSection(ProjectConfigurationPlatforms) = postSolution
		{6B3FEB9E-4D12-40D4-9859-8827A190E542}.Debug|Any CPU.ActiveCfg = Debug|Any CPU
		{6B3FEB9E-4D12-40D4-9859-8827A190E542}.Debug|Any CPU.Build.0 = Debug|Any CPU
		{6B3FEB9E-4D12-40D4-9859-8827A190E542}.Release|Any CPU.ActiveCfg = Release|Any CPU
		{6B3FEB9E-4D12-40D4-9859-8827A190E542}.Release|Any CPU.Build.0 = Release|Any CPU
		{B38B1547-85F6-4028-8D85-A971802F7CD2}.Debug|Any CPU.ActiveCfg = Debug|Any CPU
		{B38B1547-85F6-4028-8D85-A971802F7CD2}.Debug|Any CPU.Build.0 = Debug|Any CPU
		{B38B1547-85F6-4028-8D85-A971802F7CD2}.Release|Any CPU.ActiveCfg = Release|Any CPU
		{B38B1547-85F6-4028-8D85-A971802F7CD2}.Release|Any CPU.Build.0 = Release|Any CPU
		{D1975C62-367B-4009-8CD0-BC4E608896BD}.Debug|Any CPU.ActiveCfg = Debug|Any CPU
		{D1975C62-367B-4009-8CD0-BC4E608896BD}.Debug|Any CPU.Build.0 = Debug|Any CPU
		{D1975C62-367B-4009-8CD0-BC4E608896BD}.Release|Any CPU.ActiveCfg = Release|Any CPU
		{D1975C62-367B-4009-8CD0-BC4E608896BD}.Release|Any CPU.Build.0 = Release|Any CPU
	EndGlobalSection
	GlobalSection(SolutionProperties) = preSolution
		HideSolutionNode = FALSE
	EndGlobalSection
	GlobalSection(ExtensibilityGlobals) = postSolution
		SolutionGuid = {27C56B02-7F7B-4ACA-A1EB-5860FA150B97}
	EndGlobalSection
EndGlobal
